
Microsoft Visual Studio Solution File, Format Version 12.00
# Visual Studio Version 17
VisualStudioVersion = 17.9.34616.47
MinimumVisualStudioVersion = 10.0.40219.1
Project("{9A19103F-16F7-4668-BE54-9A1E7A4F7556}") = "WebExcelReader", "WebExcelReader\WebExcelReader.csproj", "{BB1F0A08-3169-41DF-BEEF-84C186583ADF}"
EndProject
Global
	GlobalSection(SolutionConfigurationPlatforms) = preSolution
		Debug|Any CPU = Debug|Any CPU
		Release|Any CPU = Release|Any CPU
	EndGlobalSection
	GlobalSection(ProjectConfigurationPlatforms) = postSolution
		{BB1F0A08-3169-41DF-BEEF-84C186583ADF}.Debug|Any CPU.ActiveCfg = Debug|Any CPU
		{BB1F0A08-3169-41DF-BEEF-84C186583ADF}.Debug|Any CPU.Build.0 = Debug|Any CPU
		{BB1F0A08-3169-41DF-BEEF-84C186583ADF}.Release|Any CPU.ActiveCfg = Release|Any CPU
		{BB1F0A08-3169-41DF-BEEF-84C186583ADF}.Release|Any CPU.Build.0 = Release|Any CPU
	EndGlobalSection
	GlobalSection(SolutionProperties) = preSolution
		HideSolutionNode = FALSE
	EndGlobalSection
	GlobalSection(ExtensibilityGlobals) = postSolution
		SolutionGuid = {7EB60810-EDCE-4C8E-AD3E-197BE7B5537B}
	EndGlobalSection
EndGlobal
